{
  "lockfileVersion": 1,
  "configVersion": 1,
  "workspaces": {
    "": {
      "dependencies": {
        "chokidar": "^5.0.0",
        "commander": "^14.0.2",
        "mime-types": "^3.0.2",
        "picocolors": "^1.1.1",
        "ws": "^8.18.3",
      },
    },
  },
  "packages": {
    "chokidar": ["chokidar@5.0.0", "", { "dependencies": { "readdirp": "^5.0.0" } }, "sha512-TQMmc3w+5AxjpL8iIiwebF73dRDF4fBIieAqGn9RGCWaEVwQ6Fb2cGe31Yns0RRIzii5goJ1Y7xbMwo1TxMplw=="],

    "commander": ["commander@14.0.2", "", {}, "sha512-TywoWNNRbhoD0BXs1P3ZEScW8W5iKrnbithIl0YH+uCmBd0QpPOA8yc82DS3BIE5Ma6FnBVUsJ7wVUDz4dvOWQ=="],

    "mime-db": ["mime-db@1.54.0", "", {}, "sha512-aU5EJuIN2WDemCcAp2vFBfp/m4EAhWJnUNSSw0ixs7/kXbd6Pg64EmwJkNdFhB8aWt1sH2CTXrLxo/iAGV3oPQ=="],

    "mime-types": ["mime-types@3.0.2", "", { "dependencies": { "mime-db": "^1.54.0" } }, "sha512-Lbgzdk0h4juoQ9fCKXW4by0UJqj+nOOrI9MJ1sSj4nI8aI2eo1qmvQEie4VD1glsS250n15LsWsYtCugiStS5A=="],

    "picocolors": ["picocolors@1.1.1", "", {}, "sha512-xceH2snhtb5M9liqDsmEw56le376mTZkEX/jEb/RxNFyegNul7eNslCXP9FDj/Lcu0X8KEyMceP2ntpaHrDEVA=="],

    "readdirp": ["readdirp@5.0.0", "", {}, "sha512-9u/XQ1pvrQtYyMpZe7DXKv2p5CNvyVwzUB6uhLAnQwHMSgKMBR62lc7AHljaeteeHXn11XTAaLLUVZYVZyuRBQ=="],

    "ws": ["ws@8.18.3", "", { "peerDependencies": { "bufferutil": "^4.0.1", "utf-8-validate": ">=5.0.2" }, "optionalPeers": ["bufferutil", "utf-8-validate"] }, "sha512-PEIGCY5tSlUt50cqyMXfCzX+oOPqN0vuGqWzbcJ2xvnkzkq46oOpz7dQaTDBdfICb4N14+GARUDw2XV2N4tvzg=="],
  }
}
